
Microsoft Visual Studio Solution File, Format Version 12.00
# Visual Studio Version 17
VisualStudioVersion = 17.2.32630.192
MinimumVisualStudioVersion = 10.0.40219.1
Project("{FAE04EC0-301F-11D3-BF4B-00C04F79EFBC}") = "rpg", "rpg\rpg.csproj", "{4B9F8DF3-64EA-422A-8B40-D1E4BD675FCC}"
EndProject
Global
	GlobalSection(SolutionConfigurationPlatforms) = preSolution
		Debug|Any CPU = Debug|Any CPU
		Release|Any CPU = Release|Any CPU
	EndGlobalSection
	GlobalSection(ProjectConfigurationPlatforms) = postSolution
		{4B9F8DF3-64EA-422A-8B40-D1E4BD675FCC}.Debug|Any CPU.ActiveCfg = Debug|Any CPU
		{4B9F8DF3-64EA-422A-8B40-D1E4BD675FCC}.Debug|Any CPU.Build.0 = Debug|Any CPU
		{4B9F8DF3-64EA-422A-8B40-D1E4BD675FCC}.Release|Any CPU.ActiveCfg = Release|Any CPU
		{4B9F8DF3-64EA-422A-8B40-D1E4BD675FCC}.Release|Any CPU.Build.0 = Release|Any CPU
	EndGlobalSection
	GlobalSection(SolutionProperties) = preSolution
		HideSolutionNode = FALSE
	EndGlobalSection
	GlobalSection(ExtensibilityGlobals) = postSolution
		SolutionGuid = {602E23BE-4BB4-4D4E-8E78-5088319711C2}
	EndGlobalSection
EndGlobal
